
Microsoft Visual Studio Solution File, Format Version 12.00
# Visual Studio 15
VisualStudioVersion = 15.0.26124.0
MinimumVisualStudioVersion = 15.0.26124.0
Project("{2150E333-8FDC-42A3-9474-1A3956D46DE8}") = "ITDranik", "ITDranik", "{76693486-9D62-4E1B-8E25-F9631845DF86}"
EndProject
Project("{2150E333-8FDC-42A3-9474-1A3956D46DE8}") = "CodingInterview", "CodingInterview", "{A4EAE9FC-3537-4947-967E-251A59E02A8E}"
EndProject
Project("{FAE04EC0-301F-11D3-BF4B-00C04F79EFBC}") = "ITDranik.CodingInterview.Solvers", "ITDranik\CodingInterview\Solvers\ITDranik.CodingInterview.Solvers.csproj", "{23616392-BA01-442C-84E1-F3494E7FE307}"
EndProject
Project("{FAE04EC0-301F-11D3-BF4B-00C04F79EFBC}") = "ITDranik.CodingInterview.SolversTests", "ITDranik\CodingInterview\SolversTests\ITDranik.CodingInterview.SolversTests.csproj", "{0EDF390B-F485-4143-84BD-B29CB5C5296B}"
EndProject
Global
	GlobalSection(SolutionConfigurationPlatforms) = preSolution
		Debug|Any CPU = Debug|Any CPU
		Debug|x64 = Debug|x64
		Debug|x86 = Debug|x86
		Release|Any CPU = Release|Any CPU
		Release|x64 = Release|x64
		Release|x86 = Release|x86
	EndGlobalSection
	GlobalSection(SolutionProperties) = preSolution
		HideSolutionNode = FALSE
	EndGlobalSection
	GlobalSection(ProjectConfigurationPlatforms) = postSolution
		{23616392-BA01-442C-84E1-F3494E7FE307}.Debug|Any CPU.ActiveCfg = Debug|Any CPU
		{23616392-BA01-442C-84E1-F3494E7FE307}.Debug|Any CPU.Build.0 = Debug|Any CPU
		{23616392-BA01-442C-84E1-F3494E7FE307}.Debug|x64.ActiveCfg = Debug|Any CPU
		{23616392-BA01-442C-84E1-F3494E7FE307}.Debug|x64.Build.0 = Debug|Any CPU
		{23616392-BA01-442C-84E1-F3494E7FE307}.Debug|x86.ActiveCfg = Debug|Any CPU
		{23616392-BA01-442C-84E1-F3494E7FE307}.Debug|x86.Build.0 = Debug|Any CPU
		{23616392-BA01-442C-84E1-F3494E7FE307}.Release|Any CPU.ActiveCfg = Release|Any CPU
		{23616392-BA01-442C-84E1-F3494E7FE307}.Release|Any CPU.Build.0 = Release|Any CPU
		{23616392-BA01-442C-84E1-F3494E7FE307}.Release|x64.ActiveCfg = Release|Any CPU
		{23616392-BA01-442C-84E1-F3494E7FE307}.Release|x64.Build.0 = Release|Any CPU
		{23616392-BA01-442C-84E1-F3494E7FE307}.Release|x86.ActiveCfg = Release|Any CPU
		{23616392-BA01-442C-84E1-F3494E7FE307}.Release|x86.Build.0 = Release|Any CPU
		{0EDF390B-F485-4143-84BD-B29CB5C5296B}.Debug|Any CPU.ActiveCfg = Debug|Any CPU
		{0EDF390B-F485-4143-84BD-B29CB5C5296B}.Debug|Any CPU.Build.0 = Debug|Any CPU
		{0EDF390B-F485-4143-84BD-B29CB5C5296B}.Debug|x64.ActiveCfg = Debug|Any CPU
		{0EDF390B-F485-4143-84BD-B29CB5C5296B}.Debug|x64.Build.0 = Debug|Any CPU
		{0EDF390B-F485-4143-84BD-B29CB5C5296B}.Debug|x86.ActiveCfg = Debug|Any CPU
		{0EDF390B-F485-4143-84BD-B29CB5C5296B}.Debug|x86.Build.0 = Debug|Any CPU
		{0EDF390B-F485-4143-84BD-B29CB5C5296B}.Release|Any CPU.ActiveCfg = Release|Any CPU
		{0EDF390B-F485-4143-84BD-B29CB5C5296B}.Release|Any CPU.Build.0 = Release|Any CPU
		{0EDF390B-F485-4143-84BD-B29CB5C5296B}.Release|x64.ActiveCfg = Release|Any CPU
		{0EDF390B-F485-4143-84BD-B29CB5C5296B}.Release|x64.Build.0 = Release|Any CPU
		{0EDF390B-F485-4143-84BD-B29CB5C5296B}.Release|x86.ActiveCfg = Release|Any CPU
		{0EDF390B-F485-4143-84BD-B29CB5C5296B}.Release|x86.Build.0 = Release|Any CPU
	EndGlobalSection
	GlobalSection(NestedProjects) = preSolution
		{A4EAE9FC-3537-4947-967E-251A59E02A8E} = {76693486-9D62-4E1B-8E25-F9631845DF86}
		{23616392-BA01-442C-84E1-F3494E7FE307} = {A4EAE9FC-3537-4947-967E-251A59E02A8E}
		{0EDF390B-F485-4143-84BD-B29CB5C5296B} = {A4EAE9FC-3537-4947-967E-251A59E02A8E}
	EndGlobalSection
EndGlobal
